
Microsoft Visual Studio Solution File, Format Version 12.00
# Visual Studio Version 17
VisualStudioVersion = 17.11.35312.102
MinimumVisualStudioVersion = 10.0.40219.1
Project("{FAE04EC0-301F-11D3-BF4B-00C04F79EFBC}") = "WebApplication1", "WebApplication1\WebApplication1.csproj", "{D879FB4A-494A-41D8-ACC7-0C2620370833}"
EndProject
Global
	GlobalSection(SolutionConfigurationPlatforms) = preSolution
		Debug|Any CPU = Debug|Any CPU
		Release|Any CPU = Release|Any CPU
	EndGlobalSection
	GlobalSection(ProjectConfigurationPlatforms) = postSolution
		{D879FB4A-494A-41D8-ACC7-0C2620370833}.Debug|Any CPU.ActiveCfg = Debug|Any CPU
		{D879FB4A-494A-41D8-ACC7-0C2620370833}.Debug|Any CPU.Build.0 = Debug|Any CPU
		{D879FB4A-494A-41D8-ACC7-0C2620370833}.Release|Any CPU.ActiveCfg = Release|Any CPU
		{D879FB4A-494A-41D8-ACC7-0C2620370833}.Release|Any CPU.Build.0 = Release|Any CPU
	EndGlobalSection
	GlobalSection(SolutionProperties) = preSolution
		HideSolutionNode = FALSE
	EndGlobalSection
	GlobalSection(ExtensibilityGlobals) = postSolution
		SolutionGuid = {08C22F37-F40D-4A34-8125-7AD7706EA9F8}
	EndGlobalSection
EndGlobal
